
Microsoft Visual Studio Solution File, Format Version 12.00
# Visual Studio 15
VisualStudioVersion = 15.0.28010.2050
MinimumVisualStudioVersion = 10.0.40219.1
Project("{FAE04EC0-301F-11D3-BF4B-00C04F79EFBC}") = "console_ipconnect", "console_ipconnect\console_ipconnect.csproj", "{45E6C19A-F0F7-4BB2-A0ED-CA8645D1DD82}"
EndProject
Global
	GlobalSection(SolutionConfigurationPlatforms) = preSolution
		Debug|Any CPU = Debug|Any CPU
		Release|Any CPU = Release|Any CPU
	EndGlobalSection
	GlobalSection(ProjectConfigurationPlatforms) = postSolution
		{45E6C19A-F0F7-4BB2-A0ED-CA8645D1DD82}.Debug|Any CPU.ActiveCfg = Debug|Any CPU
		{45E6C19A-F0F7-4BB2-A0ED-CA8645D1DD82}.Debug|Any CPU.Build.0 = Debug|Any CPU
		{45E6C19A-F0F7-4BB2-A0ED-CA8645D1DD82}.Release|Any CPU.ActiveCfg = Release|Any CPU
		{45E6C19A-F0F7-4BB2-A0ED-CA8645D1DD82}.Release|Any CPU.Build.0 = Release|Any CPU
	EndGlobalSection
	GlobalSection(SolutionProperties) = preSolution
		HideSolutionNode = FALSE
	EndGlobalSection
	GlobalSection(ExtensibilityGlobals) = postSolution
		SolutionGuid = {70D17763-2F60-405A-9025-6BAE01AB6C4A}
	EndGlobalSection
EndGlobal
